
Microsoft Visual Studio Solution File, Format Version 12.00
# Visual Studio 2012
Project("{FAE04EC0-301F-11D3-BF4B-00C04F79EFBC}") = "UI", "UI\UI.csproj", "{52483AFE-63A4-45C8-BBDD-08B615B128C3}"
EndProject
Project("{FAE04EC0-301F-11D3-BF4B-00C04F79EFBC}") = "DAL", "DAL\DAL.csproj", "{8ED332C8-66DB-4B06-947D-6995FFB1FECD}"
EndProject
Project("{FAE04EC0-301F-11D3-BF4B-00C04F79EFBC}") = "BLL", "BLL\BLL.csproj", "{243AEB65-096A-4B43-B1D8-46AB0EDBC452}"
EndProject
Project("{FAE04EC0-301F-11D3-BF4B-00C04F79EFBC}") = "CLASSES", "CLASSES\CLASSES.csproj", "{FB0388C2-A0DD-4EBA-8FB2-5CC39F585863}"
EndProject
Global
	GlobalSection(SolutionConfigurationPlatforms) = preSolution
		Debug|Any CPU = Debug|Any CPU
		Release|Any CPU = Release|Any CPU
	EndGlobalSection
	GlobalSection(ProjectConfigurationPlatforms) = postSolution
		{52483AFE-63A4-45C8-BBDD-08B615B128C3}.Debug|Any CPU.ActiveCfg = Debug|Any CPU
		{52483AFE-63A4-45C8-BBDD-08B615B128C3}.Debug|Any CPU.Build.0 = Debug|Any CPU
		{52483AFE-63A4-45C8-BBDD-08B615B128C3}.Release|Any CPU.ActiveCfg = Release|Any CPU
		{52483AFE-63A4-45C8-BBDD-08B615B128C3}.Release|Any CPU.Build.0 = Release|Any CPU
		{8ED332C8-66DB-4B06-947D-6995FFB1FECD}.Debug|Any CPU.ActiveCfg = Debug|Any CPU
		{8ED332C8-66DB-4B06-947D-6995FFB1FECD}.Debug|Any CPU.Build.0 = Debug|Any CPU
		{8ED332C8-66DB-4B06-947D-6995FFB1FECD}.Release|Any CPU.ActiveCfg = Release|Any CPU
		{8ED332C8-66DB-4B06-947D-6995FFB1FECD}.Release|Any CPU.Build.0 = Release|Any CPU
		{243AEB65-096A-4B43-B1D8-46AB0EDBC452}.Debug|Any CPU.ActiveCfg = Debug|Any CPU
		{243AEB65-096A-4B43-B1D8-46AB0EDBC452}.Debug|Any CPU.Build.0 = Debug|Any CPU
		{243AEB65-096A-4B43-B1D8-46AB0EDBC452}.Release|Any CPU.ActiveCfg = Release|Any CPU
		{243AEB65-096A-4B43-B1D8-46AB0EDBC452}.Release|Any CPU.Build.0 = Release|Any CPU
		{FB0388C2-A0DD-4EBA-8FB2-5CC39F585863}.Debug|Any CPU.ActiveCfg = Debug|Any CPU
		{FB0388C2-A0DD-4EBA-8FB2-5CC39F585863}.Debug|Any CPU.Build.0 = Debug|Any CPU
		{FB0388C2-A0DD-4EBA-8FB2-5CC39F585863}.Release|Any CPU.ActiveCfg = Release|Any CPU
		{FB0388C2-A0DD-4EBA-8FB2-5CC39F585863}.Release|Any CPU.Build.0 = Release|Any CPU
	EndGlobalSection
	GlobalSection(SolutionProperties) = preSolution
		HideSolutionNode = FALSE
	EndGlobalSection
EndGlobal
